
Microsoft Visual Studio Solution File, Format Version 12.00
# Visual Studio Version 16
VisualStudioVersion = 16.0.30330.147
MinimumVisualStudioVersion = 10.0.40219.1
Project("{FAE04EC0-301F-11D3-BF4B-00C04F79EFBC}") = "George_Malandris_assignment_3", "George_Malandris_assignment_3\George_Malandris_assignment_3.csproj", "{171A0106-D8D3-4B27-A6F0-38C109D934A2}"
EndProject
Global
	GlobalSection(SolutionConfigurationPlatforms) = preSolution
		Debug|Any CPU = Debug|Any CPU
		Release|Any CPU = Release|Any CPU
	EndGlobalSection
	GlobalSection(ProjectConfigurationPlatforms) = postSolution
		{171A0106-D8D3-4B27-A6F0-38C109D934A2}.Debug|Any CPU.ActiveCfg = Debug|Any CPU
		{171A0106-D8D3-4B27-A6F0-38C109D934A2}.Debug|Any CPU.Build.0 = Debug|Any CPU
		{171A0106-D8D3-4B27-A6F0-38C109D934A2}.Release|Any CPU.ActiveCfg = Release|Any CPU
		{171A0106-D8D3-4B27-A6F0-38C109D934A2}.Release|Any CPU.Build.0 = Release|Any CPU
	EndGlobalSection
	GlobalSection(SolutionProperties) = preSolution
		HideSolutionNode = FALSE
	EndGlobalSection
	GlobalSection(ExtensibilityGlobals) = postSolution
		SolutionGuid = {4075F809-6895-4A22-BFBE-D8551597CF17}
	EndGlobalSection
EndGlobal
